
Microsoft Visual Studio Solution File, Format Version 12.00
# Visual Studio Version 17
VisualStudioVersion = 17.7.34031.279
MinimumVisualStudioVersion = 10.0.40219.1
Project("{9A19103F-16F7-4668-BE54-9A1E7A4F7556}") = "Second_task", "Second_task\Second_task.csproj", "{1F73AC32-0021-4D47-B2AB-975ED975748C}"
EndProject
Project("{9A19103F-16F7-4668-BE54-9A1E7A4F7556}") = "Third_task", "Third_task\Third_task.csproj", "{2A57E785-3A80-4AFA-BDC5-7574CFBFA63B}"
EndProject
Project("{9A19103F-16F7-4668-BE54-9A1E7A4F7556}") = "First_task", "First_task\First_task.csproj", "{9629D865-BD28-4A82-A868-7AAD0F0CBA69}"
EndProject
Global
	GlobalSection(SolutionConfigurationPlatforms) = preSolution
		Debug|Any CPU = Debug|Any CPU
		Release|Any CPU = Release|Any CPU
	EndGlobalSection
	GlobalSection(ProjectConfigurationPlatforms) = postSolution
		{1F73AC32-0021-4D47-B2AB-975ED975748C}.Debug|Any CPU.ActiveCfg = Debug|Any CPU
		{1F73AC32-0021-4D47-B2AB-975ED975748C}.Debug|Any CPU.Build.0 = Debug|Any CPU
		{1F73AC32-0021-4D47-B2AB-975ED975748C}.Release|Any CPU.ActiveCfg = Release|Any CPU
		{1F73AC32-0021-4D47-B2AB-975ED975748C}.Release|Any CPU.Build.0 = Release|Any CPU
		{2A57E785-3A80-4AFA-BDC5-7574CFBFA63B}.Debug|Any CPU.ActiveCfg = Debug|Any CPU
		{2A57E785-3A80-4AFA-BDC5-7574CFBFA63B}.Debug|Any CPU.Build.0 = Debug|Any CPU
		{2A57E785-3A80-4AFA-BDC5-7574CFBFA63B}.Release|Any CPU.ActiveCfg = Release|Any CPU
		{2A57E785-3A80-4AFA-BDC5-7574CFBFA63B}.Release|Any CPU.Build.0 = Release|Any CPU
		{9629D865-BD28-4A82-A868-7AAD0F0CBA69}.Debug|Any CPU.ActiveCfg = Debug|Any CPU
		{9629D865-BD28-4A82-A868-7AAD0F0CBA69}.Debug|Any CPU.Build.0 = Debug|Any CPU
		{9629D865-BD28-4A82-A868-7AAD0F0CBA69}.Release|Any CPU.ActiveCfg = Release|Any CPU
		{9629D865-BD28-4A82-A868-7AAD0F0CBA69}.Release|Any CPU.Build.0 = Release|Any CPU
	EndGlobalSection
	GlobalSection(SolutionProperties) = preSolution
		HideSolutionNode = FALSE
	EndGlobalSection
	GlobalSection(ExtensibilityGlobals) = postSolution
		SolutionGuid = {4C48BEB8-C786-40FD-A554-B286BAE292FA}
	EndGlobalSection
EndGlobal
